
Microsoft Visual Studio Solution File, Format Version 12.00
# Visual Studio 15
VisualStudioVersion = 15.0.27130.2010
MinimumVisualStudioVersion = 10.0.40219.1
Project("{FAE04EC0-301F-11D3-BF4B-00C04F79EFBC}") = "Problem 01. Distance", "Problem 01. Distance\Problem 01. Distance.csproj", "{30719849-0BC5-472C-8420-348C7E714748}"
EndProject
Project("{FAE04EC0-301F-11D3-BF4B-00C04F79EFBC}") = "Problem 02. Change Tiles", "Problem 02. Change Tiles\Problem 02. Change Tiles.csproj", "{E98E2F56-442E-43D9-B4AD-F858A505589F}"
EndProject
Project("{FAE04EC0-301F-11D3-BF4B-00C04F79EFBC}") = "Problem 03. Flowers", "Problem 03. Flowers\Problem 03. Flowers.csproj", "{D36CEEE7-6BCE-425B-A5F3-05412919114C}"
EndProject
Project("{FAE04EC0-301F-11D3-BF4B-00C04F79EFBC}") = "Problem 04. Grades", "Problem 04. Grades\Problem 04. Grades.csproj", "{4ECDCB8A-5C73-4033-8F19-F0AFA99733CE}"
EndProject
Project("{FAE04EC0-301F-11D3-BF4B-00C04F79EFBC}") = "Problem 05. Christmas Hat", "Problem 05. Christmas Hat\Problem 05. Christmas Hat.csproj", "{5196D135-DD24-4B92-A79D-B8B75296A36D}"
EndProject
Project("{FAE04EC0-301F-11D3-BF4B-00C04F79EFBC}") = "Problem 06. Letters Combinations", "Problem 06. Letters Combinations\Problem 06. Letters Combinations.csproj", "{81C1D8E8-CE94-4D36-A807-915964965720}"
EndProject
Global
	GlobalSection(SolutionConfigurationPlatforms) = preSolution
		Debug|Any CPU = Debug|Any CPU
		Release|Any CPU = Release|Any CPU
	EndGlobalSection
	GlobalSection(ProjectConfigurationPlatforms) = postSolution
		{30719849-0BC5-472C-8420-348C7E714748}.Debug|Any CPU.ActiveCfg = Debug|Any CPU
		{30719849-0BC5-472C-8420-348C7E714748}.Debug|Any CPU.Build.0 = Debug|Any CPU
		{30719849-0BC5-472C-8420-348C7E714748}.Release|Any CPU.ActiveCfg = Release|Any CPU
		{30719849-0BC5-472C-8420-348C7E714748}.Release|Any CPU.Build.0 = Release|Any CPU
		{E98E2F56-442E-43D9-B4AD-F858A505589F}.Debug|Any CPU.ActiveCfg = Debug|Any CPU
		{E98E2F56-442E-43D9-B4AD-F858A505589F}.Debug|Any CPU.Build.0 = Debug|Any CPU
		{E98E2F56-442E-43D9-B4AD-F858A505589F}.Release|Any CPU.ActiveCfg = Release|Any CPU
		{E98E2F56-442E-43D9-B4AD-F858A505589F}.Release|Any CPU.Build.0 = Release|Any CPU
		{D36CEEE7-6BCE-425B-A5F3-05412919114C}.Debug|Any CPU.ActiveCfg = Debug|Any CPU
		{D36CEEE7-6BCE-425B-A5F3-05412919114C}.Debug|Any CPU.Build.0 = Debug|Any CPU
		{D36CEEE7-6BCE-425B-A5F3-05412919114C}.Release|Any CPU.ActiveCfg = Release|Any CPU
		{D36CEEE7-6BCE-425B-A5F3-05412919114C}.Release|Any CPU.Build.0 = Release|Any CPU
		{4ECDCB8A-5C73-4033-8F19-F0AFA99733CE}.Debug|Any CPU.ActiveCfg = Debug|Any CPU
		{4ECDCB8A-5C73-4033-8F19-F0AFA99733CE}.Debug|Any CPU.Build.0 = Debug|Any CPU
		{4ECDCB8A-5C73-4033-8F19-F0AFA99733CE}.Release|Any CPU.ActiveCfg = Release|Any CPU
		{4ECDCB8A-5C73-4033-8F19-F0AFA99733CE}.Release|Any CPU.Build.0 = Release|Any CPU
		{5196D135-DD24-4B92-A79D-B8B75296A36D}.Debug|Any CPU.ActiveCfg = Debug|Any CPU
		{5196D135-DD24-4B92-A79D-B8B75296A36D}.Debug|Any CPU.Build.0 = Debug|Any CPU
		{5196D135-DD24-4B92-A79D-B8B75296A36D}.Release|Any CPU.ActiveCfg = Release|Any CPU
		{5196D135-DD24-4B92-A79D-B8B75296A36D}.Release|Any CPU.Build.0 = Release|Any CPU
		{81C1D8E8-CE94-4D36-A807-915964965720}.Debug|Any CPU.ActiveCfg = Debug|Any CPU
		{81C1D8E8-CE94-4D36-A807-915964965720}.Debug|Any CPU.Build.0 = Debug|Any CPU
		{81C1D8E8-CE94-4D36-A807-915964965720}.Release|Any CPU.ActiveCfg = Release|Any CPU
		{81C1D8E8-CE94-4D36-A807-915964965720}.Release|Any CPU.Build.0 = Release|Any CPU
	EndGlobalSection
	GlobalSection(SolutionProperties) = preSolution
		HideSolutionNode = FALSE
	EndGlobalSection
	GlobalSection(ExtensibilityGlobals) = postSolution
		SolutionGuid = {2C98832C-1E72-491A-964B-92DF6F32B855}
	EndGlobalSection
EndGlobal
