
Microsoft Visual Studio Solution File, Format Version 12.00
# Visual Studio 15
VisualStudioVersion = 15.0.27130.2010
MinimumVisualStudioVersion = 10.0.40219.1
Project("{FAE04EC0-301F-11D3-BF4B-00C04F79EFBC}") = "01. Tailoring Workshop", "01. Tailoring Workshop\01. Tailoring Workshop.csproj", "{E7CDF716-02E7-4BE3-AD81-F809AD41416C}"
EndProject
Project("{FAE04EC0-301F-11D3-BF4B-00C04F79EFBC}") = "02. Scholarship", "02. Scholarship\02. Scholarship.csproj", "{0F2B4FD6-25A3-4E07-BF4E-71F108652951}"
EndProject
Project("{FAE04EC0-301F-11D3-BF4B-00C04F79EFBC}") = "03. Photo Pictures", "03. Photo Pictures\03. Photo Pictures.csproj", "{A1B23E50-9A45-4F8E-A40B-C9AC32EB475A}"
EndProject
Project("{FAE04EC0-301F-11D3-BF4B-00C04F79EFBC}") = "04. Cake", "04. Cake\04. Cake.csproj", "{1A58E2D4-8821-4F09-B9F5-2615E2635CAC}"
EndProject
Project("{FAE04EC0-301F-11D3-BF4B-00C04F79EFBC}") = "05. Snowflake", "05. Snowflake\05. Snowflake.csproj", "{CE4CD26B-F803-44B4-89A6-A1350BE85222}"
EndProject
Project("{FAE04EC0-301F-11D3-BF4B-00C04F79EFBC}") = "06. Profit", "06. Profit\06. Profit.csproj", "{6B383527-3ADC-4729-8B22-9F684BFAA14D}"
EndProject
Global
	GlobalSection(SolutionConfigurationPlatforms) = preSolution
		Debug|Any CPU = Debug|Any CPU
		Release|Any CPU = Release|Any CPU
	EndGlobalSection
	GlobalSection(ProjectConfigurationPlatforms) = postSolution
		{E7CDF716-02E7-4BE3-AD81-F809AD41416C}.Debug|Any CPU.ActiveCfg = Debug|Any CPU
		{E7CDF716-02E7-4BE3-AD81-F809AD41416C}.Debug|Any CPU.Build.0 = Debug|Any CPU
		{E7CDF716-02E7-4BE3-AD81-F809AD41416C}.Release|Any CPU.ActiveCfg = Release|Any CPU
		{E7CDF716-02E7-4BE3-AD81-F809AD41416C}.Release|Any CPU.Build.0 = Release|Any CPU
		{0F2B4FD6-25A3-4E07-BF4E-71F108652951}.Debug|Any CPU.ActiveCfg = Debug|Any CPU
		{0F2B4FD6-25A3-4E07-BF4E-71F108652951}.Debug|Any CPU.Build.0 = Debug|Any CPU
		{0F2B4FD6-25A3-4E07-BF4E-71F108652951}.Release|Any CPU.ActiveCfg = Release|Any CPU
		{0F2B4FD6-25A3-4E07-BF4E-71F108652951}.Release|Any CPU.Build.0 = Release|Any CPU
		{A1B23E50-9A45-4F8E-A40B-C9AC32EB475A}.Debug|Any CPU.ActiveCfg = Debug|Any CPU
		{A1B23E50-9A45-4F8E-A40B-C9AC32EB475A}.Debug|Any CPU.Build.0 = Debug|Any CPU
		{A1B23E50-9A45-4F8E-A40B-C9AC32EB475A}.Release|Any CPU.ActiveCfg = Release|Any CPU
		{A1B23E50-9A45-4F8E-A40B-C9AC32EB475A}.Release|Any CPU.Build.0 = Release|Any CPU
		{1A58E2D4-8821-4F09-B9F5-2615E2635CAC}.Debug|Any CPU.ActiveCfg = Debug|Any CPU
		{1A58E2D4-8821-4F09-B9F5-2615E2635CAC}.Debug|Any CPU.Build.0 = Debug|Any CPU
		{1A58E2D4-8821-4F09-B9F5-2615E2635CAC}.Release|Any CPU.ActiveCfg = Release|Any CPU
		{1A58E2D4-8821-4F09-B9F5-2615E2635CAC}.Release|Any CPU.Build.0 = Release|Any CPU
		{CE4CD26B-F803-44B4-89A6-A1350BE85222}.Debug|Any CPU.ActiveCfg = Debug|Any CPU
		{CE4CD26B-F803-44B4-89A6-A1350BE85222}.Debug|Any CPU.Build.0 = Debug|Any CPU
		{CE4CD26B-F803-44B4-89A6-A1350BE85222}.Release|Any CPU.ActiveCfg = Release|Any CPU
		{CE4CD26B-F803-44B4-89A6-A1350BE85222}.Release|Any CPU.Build.0 = Release|Any CPU
		{6B383527-3ADC-4729-8B22-9F684BFAA14D}.Debug|Any CPU.ActiveCfg = Debug|Any CPU
		{6B383527-3ADC-4729-8B22-9F684BFAA14D}.Debug|Any CPU.Build.0 = Debug|Any CPU
		{6B383527-3ADC-4729-8B22-9F684BFAA14D}.Release|Any CPU.ActiveCfg = Release|Any CPU
		{6B383527-3ADC-4729-8B22-9F684BFAA14D}.Release|Any CPU.Build.0 = Release|Any CPU
	EndGlobalSection
	GlobalSection(SolutionProperties) = preSolution
		HideSolutionNode = FALSE
	EndGlobalSection
	GlobalSection(ExtensibilityGlobals) = postSolution
		SolutionGuid = {18953C78-B39D-4C92-AC0B-F762A529A442}
	EndGlobalSection
EndGlobal
